// !$*UTF8*$!
{
	archiveVersion = 1;
	classes = {
	};
	objectVersion = 48;
	objects = {

/* Begin PBXBuildFile section */
		03336FB220211218002534EF /* AppDelegate.swift in Sources */ = {isa = PBXBuildFile; fileRef = 03336FB120211218002534EF /* AppDelegate.swift */; };
		03336FB420211218002534EF /* ViewController.swift in Sources */ = {isa = PBXBuildFile; fileRef = 03336FB320211218002534EF /* ViewController.swift */; };
		03336FB720211218002534EF /* Main.storyboard in Resources */ = {isa = PBXBuildFile; fileRef = 03336FB520211218002534EF /* Main.storyboard */; };
		03336FB920211218002534EF /* Assets.xcassets in Resources */ = {isa = PBXBuildFile; fileRef = 03336FB820211218002534EF /* Assets.xcassets */; };
		03336FBC20211218002534EF /* LaunchScreen.storyboard in Resources */ = {isa = PBXBuildFile; fileRef = 03336FBA20211218002534EF /* LaunchScreen.storyboard */; };
		03336FC720211218002534EF /* AreYouFreeTests.swift in Sources */ = {isa = PBXBuildFile; fileRef = 03336FC620211218002534EF /* AreYouFreeTests.swift */; };
		03336FD220211218002534EF /* AreYouFreeUITests.swift in Sources */ = {isa = PBXBuildFile; fileRef = 03336FD120211218002534EF /* AreYouFreeUITests.swift */; };
		B4BA97342030FE830046E8BD /* Contact.swift in Sources */ = {isa = PBXBuildFile; fileRef = B4BA97332030FE830046E8BD /* Contact.swift */; };
		B4BA97362030FEA30046E8BD /* ContactUtil.swift in Sources */ = {isa = PBXBuildFile; fileRef = B4BA97352030FEA30046E8BD /* ContactUtil.swift */; };
/* End PBXBuildFile section */

/* Begin PBXContainerItemProxy section */
		03336FC320211218002534EF /* PBXContainerItemProxy */ = {
			isa = PBXContainerItemProxy;
			containerPortal = 03336FA620211218002534EF /* Project object */;
			proxyType = 1;
			remoteGlobalIDString = 03336FAD20211218002534EF;
			remoteInfo = AreYouFree;
		};
		03336FCE20211218002534EF /* PBXContainerItemProxy */ = {
			isa = PBXContainerItemProxy;
			containerPortal = 03336FA620211218002534EF /* Project object */;
			proxyType = 1;
			remoteGlobalIDString = 03336FAD20211218002534EF;
			remoteInfo = AreYouFree;
		};
/* End PBXContainerItemProxy section */

/* Begin PBXFileReference section */
		03336FAE20211218002534EF /* AreYouFree.app */ = {isa = PBXFileReference; explicitFileType = wrapper.application; includeInIndex = 0; path = AreYouFree.app; sourceTree = BUILT_PRODUCTS_DIR; };
		03336FB120211218002534EF /* AppDelegate.swift */ = {isa = PBXFileReference; lastKnownFileType = sourcecode.swift; path = AppDelegate.swift; sourceTree = "<group>"; };
		03336FB320211218002534EF /* ViewController.swift */ = {isa = PBXFileReference; lastKnownFileType = sourcecode.swift; path = ViewController.swift; sourceTree = "<group>"; };
		03336FB620211218002534EF /* Base */ = {isa = PBXFileReference; lastKnownFileType = file.storyboard; name = Base; path = Base.lproj/Main.storyboard; sourceTree = "<group>"; };
		03336FB820211218002534EF /* Assets.xcassets */ = {isa = PBXFileReference; lastKnownFileType = folder.assetcatalog; path = Assets.xcassets; sourceTree = "<group>"; };
		03336FBB20211218002534EF /* Base */ = {isa = PBXFileReference; lastKnownFileType = file.storyboard; name = Base; path = Base.lproj/LaunchScreen.storyboard; sourceTree = "<group>"; };
		03336FBD20211218002534EF /* Info.plist */ = {isa = PBXFileReference; lastKnownFileType = text.plist.xml; path = Info.plist; sourceTree = "<group>"; };
		03336FC220211218002534EF /* AreYouFreeTests.xctest */ = {isa = PBXFileReference; explicitFileType = wrapper.cfbundle; includeInIndex = 0; path = AreYouFreeTests.xctest; sourceTree = BUILT_PRODUCTS_DIR; };
		03336FC620211218002534EF /* AreYouFreeTests.swift */ = {isa = PBXFileReference; lastKnownFileType = sourcecode.swift; path = AreYouFreeTests.swift; sourceTree = "<group>"; };
		03336FC820211218002534EF /* Info.plist */ = {isa = PBXFileReference; lastKnownFileType = text.plist.xml; path = Info.plist; sourceTree = "<group>"; };
		03336FCD20211218002534EF /* AreYouFreeUITests.xctest */ = {isa = PBXFileReference; explicitFileType = wrapper.cfbundle; includeInIndex = 0; path = AreYouFreeUITests.xctest; sourceTree = BUILT_PRODUCTS_DIR; };
		03336FD120211218002534EF /* AreYouFreeUITests.swift */ = {isa = PBXFileReference; lastKnownFileType = sourcecode.swift; path = AreYouFreeUITests.swift; sourceTree = "<group>"; };
		03336FD320211218002534EF /* Info.plist */ = {isa = PBXFileReference; lastKnownFileType = text.plist.xml; path = Info.plist; sourceTree = "<group>"; };
		B4BA97332030FE830046E8BD /* Contact.swift */ = {isa = PBXFileReference; fileEncoding = 4; lastKnownFileType = sourcecode.swift; path = Contact.swift; sourceTree = "<group>"; };
		B4BA97352030FEA30046E8BD /* ContactUtil.swift */ = {isa = PBXFileReference; fileEncoding = 4; lastKnownFileType = sourcecode.swift; path = ContactUtil.swift; sourceTree = "<group>"; };
/* End PBXFileReference section */

/* Begin PBXFrameworksBuildPhase section */
		03336FAB20211218002534EF /* Frameworks */ = {
			isa = PBXFrameworksBuildPhase;
			buildActionMask = 2147483647;
			files = (
			);
			runOnlyForDeploymentPostprocessing = 0;
		};
		03336FBF20211218002534EF /* Frameworks */ = {
			isa = PBXFrameworksBuildPhase;
			buildActionMask = 2147483647;
			files = (
			);
			runOnlyForDeploymentPostprocessing = 0;
		};
		03336FCA20211218002534EF /* Frameworks */ = {
			isa = PBXFrameworksBuildPhase;
			buildActionMask = 2147483647;
			files = (
			);
			runOnlyForDeploymentPostprocessing = 0;
		};
/* End PBXFrameworksBuildPhase section */

/* Begin PBXGroup section */
		03336FA520211218002534EF = {
			isa = PBXGroup;
			children = (
				03336FB020211218002534EF /* AreYouFree */,
				03336FC520211218002534EF /* AreYouFreeTests */,
				03336FD020211218002534EF /* AreYouFreeUITests */,
				03336FAF20211218002534EF /* Products */,
			);
			sourceTree = "<group>";
		};
		03336FAF20211218002534EF /* Products */ = {
			isa = PBXGroup;
			children = (
				03336FAE20211218002534EF /* AreYouFree.app */,
				03336FC220211218002534EF /* AreYouFreeTests.xctest */,
				03336FCD20211218002534EF /* AreYouFreeUITests.xctest */,
			);
			name = Products;
			sourceTree = "<group>";
		};
		03336FB020211218002534EF /* AreYouFree */ = {
			isa = PBXGroup;
			children = (
				03336FB120211218002534EF /* AppDelegate.swift */,
				03336FB320211218002534EF /* ViewController.swift */,
				B4BA97352030FEA30046E8BD /* ContactUtil.swift */,
				B4BA97332030FE830046E8BD /* Contact.swift */,
				03336FB520211218002534EF /* Main.storyboard */,
				03336FB820211218002534EF /* Assets.xcassets */,
				03336FBA20211218002534EF /* LaunchScreen.storyboard */,
				03336FBD20211218002534EF /* Info.plist */,
			);
			path = AreYouFree;
			sourceTree = "<group>";
		};
		03336FC520211218002534EF /* AreYouFreeTests */ = {
			isa = PBXGroup;
			children = (
				03336FC620211218002534EF /* AreYouFreeTests.swift */,
				03336FC820211218002534EF /* Info.plist */,
			);
			path = AreYouFreeTests;
			sourceTree = "<group>";
		};
		03336FD020211218002534EF /* AreYouFreeUITests */ = {
			isa = PBXGroup;
			children = (
				03336FD120211218002534EF /* AreYouFreeUITests.swift */,
				03336FD320211218002534EF /* Info.plist */,
			);
			path = AreYouFreeUITests;
			sourceTree = "<group>";
		};
/* End PBXGroup section */

/* Begin PBXNativeTarget section */
		03336FAD20211218002534EF /* AreYouFree */ = {
			isa = PBXNativeTarget;
			buildConfigurationList = 03336FD620211218002534EF /* Build configuration list for PBXNativeTarget "AreYouFree" */;
			buildPhases = (
				03336FAA20211218002534EF /* Sources */,
				03336FAB20211218002534EF /* Frameworks */,
				03336FAC20211218002534EF /* Resources */,
			);
			buildRules = (
			);
			dependencies = (
			);
			name = AreYouFree;
			productName = AreYouFree;
			productReference = 03336FAE20211218002534EF /* AreYouFree.app */;
			productType = "com.apple.product-type.application";
		};
		03336FC120211218002534EF /* AreYouFreeTests */ = {
			isa = PBXNativeTarget;
			buildConfigurationList = 03336FD920211218002534EF /* Build configuration list for PBXNativeTarget "AreYouFreeTests" */;
			buildPhases = (
				03336FBE20211218002534EF /* Sources */,
				03336FBF20211218002534EF /* Frameworks */,
				03336FC020211218002534EF /* Resources */,
			);
			buildRules = (
			);
			dependencies = (
				03336FC420211218002534EF /* PBXTargetDependency */,
			);
			name = AreYouFreeTests;
			productName = AreYouFreeTests;
			productReference = 03336FC220211218002534EF /* AreYouFreeTests.xctest */;
			productType = "com.apple.product-type.bundle.unit-test";
		};
		03336FCC20211218002534EF /* AreYouFreeUITests */ = {
			isa = PBXNativeTarget;
			buildConfigurationList = 03336FDC20211218002534EF /* Build configuration list for PBXNativeTarget "AreYouFreeUITests" */;
			buildPhases = (
				03336FC920211218002534EF /* Sources */,
				03336FCA20211218002534EF /* Frameworks */,
				03336FCB20211218002534EF /* Resources */,
			);
			buildRules = (
			);
			dependencies = (
				03336FCF20211218002534EF /* PBXTargetDependency */,
			);
			name = AreYouFreeUITests;
			productName = AreYouFreeUITests;
			productReference = 03336FCD20211218002534EF /* AreYouFreeUITests.xctest */;
			productType = "com.apple.product-type.bundle.ui-testing";
		};
/* End PBXNativeTarget section */

/* Begin PBXProject section */
		03336FA620211218002534EF /* Project object */ = {
			isa = PBXProject;
			attributes = {
				LastSwiftUpdateCheck = 0920;
				LastUpgradeCheck = 0920;
				ORGANIZATIONNAME = "Nicolas Salafranca";
				TargetAttributes = {
					03336FAD20211218002534EF = {
						CreatedOnToolsVersion = 9.2;
						ProvisioningStyle = Automatic;
					};
					03336FC120211218002534EF = {
						CreatedOnToolsVersion = 9.2;
						ProvisioningStyle = Automatic;
						TestTargetID = 03336FAD20211218002534EF;
					};
					03336FCC20211218002534EF = {
						CreatedOnToolsVersion = 9.2;
						ProvisioningStyle = Automatic;
						TestTargetID = 03336FAD20211218002534EF;
					};
				};
			};
			buildConfigurationList = 03336FA920211218002534EF /* Build configuration list for PBXProject "AreYouFree" */;
			compatibilityVersion = "Xcode 8.0";
			developmentRegion = en;
			hasScannedForEncodings = 0;
			knownRegions = (
				en,
				Base,
			);
			mainGroup = 03336FA520211218002534EF;
			productRefGroup = 03336FAF20211218002534EF /* Products */;
			projectDirPath = "";
			projectRoot = "";
			targets = (
				03336FAD20211218002534EF /* AreYouFree */,
				03336FC120211218002534EF /* AreYouFreeTests */,
				03336FCC20211218002534EF /* AreYouFreeUITests */,
			);
		};
/* End PBXProject section */

/* Begin PBXResourcesBuildPhase section */
		03336FAC20211218002534EF /* Resources */ = {
			isa = PBXResourcesBuildPhase;
			buildActionMask = 2147483647;
			files = (
				03336FBC20211218002534EF /* LaunchScreen.storyboard in Resources */,
				03336FB920211218002534EF /* Assets.xcassets in Resources */,
				03336FB720211218002534EF /* Main.storyboard in Resources */,
			);
			runOnlyForDeploymentPostprocessing = 0;
		};
		03336FC020211218002534EF /* Resources */ = {
			isa = PBXResourcesBuildPhase;
			buildActionMask = 2147483647;
			files = (
			);
			runOnlyForDeploymentPostprocessing = 0;
		};
		03336FCB20211218002534EF /* Resources */ = {
			isa = PBXResourcesBuildPhase;
			buildActionMask = 2147483647;
			files = (
			);
			runOnlyForDeploymentPostprocessing = 0;
		};
/* End PBXResourcesBuildPhase section */

/* Begin PBXSourcesBuildPhase section */
		03336FAA20211218002534EF /* Sources */ = {
			isa = PBXSourcesBuildPhase;
			buildActionMask = 2147483647;
			files = (
				B4BA97342030FE830046E8BD /* Contact.swift in Sources */,
				03336FB420211218002534EF /* ViewController.swift in Sources */,
				B4BA97362030FEA30046E8BD /* ContactUtil.swift in Sources */,
				03336FB220211218002534EF /* AppDelegate.swift in Sources */,
			);
			runOnlyForDeploymentPostprocessing = 0;
		};
		03336FBE20211218002534EF /* Sources */ = {
			isa = PBXSourcesBuildPhase;
			buildActionMask = 2147483647;
			files = (
				03336FC720211218002534EF /* AreYouFreeTests.swift in Sources */,
			);
			runOnlyForDeploymentPostprocessing = 0;
		};
		03336FC920211218002534EF /* Sources */ = {
			isa = PBXSourcesBuildPhase;
			buildActionMask = 2147483647;
			files = (
				03336FD220211218002534EF /* AreYouFreeUITests.swift in Sources */,
			);
			runOnlyForDeploymentPostprocessing = 0;
		};
/* End PBXSourcesBuildPhase section */

/* Begin PBXTargetDependency section */
		03336FC420211218002534EF /* PBXTargetDependency */ = {
			isa = PBXTargetDependency;
			target = 03336FAD20211218002534EF /* AreYouFree */;
			targetProxy = 03336FC320211218002534EF /* PBXContainerItemProxy */;
		};
		03336FCF20211218002534EF /* PBXTargetDependency */ = {
			isa = PBXTargetDependency;
			target = 03336FAD20211218002534EF /* AreYouFree */;
			targetProxy = 03336FCE20211218002534EF /* PBXContainerItemProxy */;
		};
/* End PBXTargetDependency section */

/* Begin PBXVariantGroup section */
		03336FB520211218002534EF /* Main.storyboard */ = {
			isa = PBXVariantGroup;
			children = (
				03336FB620211218002534EF /* Base */,
			);
			name = Main.storyboard;
			sourceTree = "<group>";
		};
		03336FBA20211218002534EF /* LaunchScreen.storyboard */ = {
			isa = PBXVariantGroup;
			children = (
				03336FBB20211218002534EF /* Base */,
			);
			name = LaunchScreen.storyboard;
			sourceTree = "<group>";
		};
/* End PBXVariantGroup section */

/* Begin XCBuildConfiguration section */
		03336FD420211218002534EF /* Debug */ = {
			isa = XCBuildConfiguration;
			buildSettings = {
				ALWAYS_SEARCH_USER_PATHS = NO;
				CLANG_ANALYZER_NONNULL = YES;
				CLANG_ANALYZER_NUMBER_OBJECT_CONVERSION = YES_AGGRESSIVE;
				CLANG_CXX_LANGUAGE_STANDARD = "gnu++14";
				CLANG_CXX_LIBRARY = "libc++";
				CLANG_ENABLE_MODULES = YES;
				CLANG_ENABLE_OBJC_ARC = YES;
				CLANG_WARN_BLOCK_CAPTURE_AUTORELEASING = YES;
				CLANG_WARN_BOOL_CONVERSION = YES;
				CLANG_WARN_COMMA = YES;
				CLANG_WARN_CONSTANT_CONVERSION = YES;
				CLANG_WARN_DIRECT_OBJC_ISA_USAGE = YES_ERROR;
				CLANG_WARN_DOCUMENTATION_COMMENTS = YES;
				CLANG_WARN_EMPTY_BODY = YES;
				CLANG_WARN_ENUM_CONVERSION = YES;
				CLANG_WARN_INFINITE_RECURSION = YES;
				CLANG_WARN_INT_CONVERSION = YES;
				CLANG_WARN_NON_LITERAL_NULL_CONVERSION = YES;
				CLANG_WARN_OBJC_LITERAL_CONVERSION = YES;
				CLANG_WARN_OBJC_ROOT_CLASS = YES_ERROR;
				CLANG_WARN_RANGE_LOOP_ANALYSIS = YES;
				CLANG_WARN_STRICT_PROTOTYPES = YES;
				CLANG_WARN_SUSPICIOUS_MOVE = YES;
				CLANG_WARN_UNGUARDED_AVAILABILITY = YES_AGGRESSIVE;
				CLANG_WARN_UNREACHABLE_CODE = YES;
				CLANG_WARN__DUPLICATE_METHOD_MATCH = YES;
				CODE_SIGN_IDENTITY = "iPhone Developer";
				COPY_PHASE_STRIP = NO;
				DEBUG_INFORMATION_FORMAT = dwarf;
				ENABLE_STRICT_OBJC_MSGSEND = YES;
				ENABLE_TESTABILITY = YES;
				GCC_C_LANGUAGE_STANDARD = gnu11;
				GCC_DYNAMIC_NO_PIC = NO;
				GCC_NO_COMMON_BLOCKS = YES;
				GCC_OPTIMIZATION_LEVEL = 0;
				GCC_PREPROCESSOR_DEFINITIONS = (
					"DEBUG=1",
					"$(inherited)",
				);
				GCC_WARN_64_TO_32_BIT_CONVERSION = YES;
				GCC_WARN_ABOUT_RETURN_TYPE = YES_ERROR;
				GCC_WARN_UNDECLARED_SELECTOR = YES;
				GCC_WARN_UNINITIALIZED_AUTOS = YES_AGGRESSIVE;
				GCC_WARN_UNUSED_FUNCTION = YES;
				GCC_WARN_UNUSED_VARIABLE = YES;
				IPHONEOS_DEPLOYMENT_TARGET = 11.2;
				MTL_ENABLE_DEBUG_INFO = YES;
				ONLY_ACTIVE_ARCH = YES;
				SDKROOT = iphoneos;
				SWIFT_ACTIVE_COMPILATION_CONDITIONS = DEBUG;
				SWIFT_OPTIMIZATION_LEVEL = "-Onone";
			};
			name = Debug;
		};
		03336FD520211218002534EF /* Release */ = {
			isa = XCBuildConfiguration;
			buildSettings = {
				ALWAYS_SEARCH_USER_PATHS = NO;
				CLANG_ANALYZER_NONNULL = YES;
				CLANG_ANALYZER_NUMBER_OBJECT_CONVERSION = YES_AGGRESSIVE;
				CLANG_CXX_LANGUAGE_STANDARD = "gnu++14";
				CLANG_CXX_LIBRARY = "libc++";
				CLANG_ENABLE_MODULES = YES;
				CLANG_ENABLE_OBJC_ARC = YES;
				CLANG_WARN_BLOCK_CAPTURE_AUTORELEASING = YES;
				CLANG_WARN_BOOL_CONVERSION = YES;
				CLANG_WARN_COMMA = YES;
				CLANG_WARN_CONSTANT_CONVERSION = YES;
				CLANG_WARN_DIRECT_OBJC_ISA_USAGE = YES_ERROR;
				CLANG_WARN_DOCUMENTATION_COMMENTS = YES;
				CLANG_WARN_EMPTY_BODY = YES;
				CLANG_WARN_ENUM_CONVERSION = YES;
				CLANG_WARN_INFINITE_RECURSION = YES;
				CLANG_WARN_INT_CONVERSION = YES;
				CLANG_WARN_NON_LITERAL_NULL_CONVERSION = YES;
				CLANG_WARN_OBJC_LITERAL_CONVERSION = YES;
				CLANG_WARN_OBJC_ROOT_CLASS = YES_ERROR;
				CLANG_WARN_RANGE_LOOP_ANALYSIS = YES;
				CLANG_WARN_STRICT_PROTOTYPES = YES;
				CLANG_WARN_SUSPICIOUS_MOVE = YES;
				CLANG_WARN_UNGUARDED_AVAILABILITY = YES_AGGRESSIVE;
				CLANG_WARN_UNREACHABLE_CODE = YES;
				CLANG_WARN__DUPLICATE_METHOD_MATCH = YES;
				CODE_SIGN_IDENTITY = "iPhone Developer";
				COPY_PHASE_STRIP = NO;
				DEBUG_INFORMATION_FORMAT = "dwarf-with-dsym";
				ENABLE_NS_ASSERTIONS = NO;
				ENABLE_STRICT_OBJC_MSGSEND = YES;
				GCC_C_LANGUAGE_STANDARD = gnu11;
				GCC_NO_COMMON_BLOCKS = YES;
				GCC_WARN_64_TO_32_BIT_CONVERSION = YES;
				GCC_WARN_ABOUT_RETURN_TYPE = YES_ERROR;
				GCC_WARN_UNDECLARED_SELECTOR = YES;
				GCC_WARN_UNINITIALIZED_AUTOS = YES_AGGRESSIVE;
				GCC_WARN_UNUSED_FUNCTION = YES;
				GCC_WARN_UNUSED_VARIABLE = YES;
				IPHONEOS_DEPLOYMENT_TARGET = 11.2;
				MTL_ENABLE_DEBUG_INFO = NO;
				SDKROOT = iphoneos;
				SWIFT_OPTIMIZATION_LEVEL = "-Owholemodule";
				VALIDATE_PRODUCT = YES;
			};
			name = Release;
		};
		03336FD720211218002534EF /* Debug */ = {
			isa = XCBuildConfiguration;
			buildSettings = {
				ASSETCATALOG_COMPILER_APPICON_NAME = AppIcon;
				CODE_SIGN_STYLE = Automatic;
				DEVELOPMENT_TEAM = Q2RE92A98G;
				INFOPLIST_FILE = AreYouFree/Info.plist;
				LD_RUNPATH_SEARCH_PATHS = "$(inherited) @executable_path/Frameworks";
				PRODUCT_BUNDLE_IDENTIFIER = Nico.AreYouFree;
				PRODUCT_NAME = "$(TARGET_NAME)";
				SWIFT_VERSION = 4.0;
				TARGETED_DEVICE_FAMILY = "1,2";
			};
			name = Debug;
		};
		03336FD820211218002534EF /* Release */ = {
			isa = XCBuildConfiguration;
			buildSettings = {
				ASSETCATALOG_COMPILER_APPICON_NAME = AppIcon;
				CODE_SIGN_STYLE = Automatic;
				DEVELOPMENT_TEAM = Q2RE92A98G;
				INFOPLIST_FILE = AreYouFree/Info.plist;
				LD_RUNPATH_SEARCH_PATHS = "$(inherited) @executable_path/Frameworks";
				PRODUCT_BUNDLE_IDENTIFIER = Nico.AreYouFree;
				PRODUCT_NAME = "$(TARGET_NAME)";
				SWIFT_VERSION = 4.0;
				TARGETED_DEVICE_FAMILY = "1,2";
			};
			name = Release;
		};
		03336FDA20211218002534EF /* Debug */ = {
			isa = XCBuildConfiguration;
			buildSettings = {
				ALWAYS_EMBED_SWIFT_STANDARD_LIBRARIES = YES;
				BUNDLE_LOADER = "$(TEST_HOST)";
				CODE_SIGN_STYLE = Automatic;
				DEVELOPMENT_TEAM = Q2RE92A98G;
				INFOPLIST_FILE = AreYouFreeTests/Info.plist;
				LD_RUNPATH_SEARCH_PATHS = "$(inherited) @executable_path/Frameworks @loader_path/Frameworks";
				PRODUCT_BUNDLE_IDENTIFIER = Nico.AreYouFreeTests;
				PRODUCT_NAME = "$(TARGET_NAME)";
				SWIFT_VERSION = 4.0;
				TARGETED_DEVICE_FAMILY = "1,2";
				TEST_HOST = "$(BUILT_PRODUCTS_DIR)/AreYouFree.app/AreYouFree";
			};
			name = Debug;
		};
		03336FDB20211218002534EF /* Release */ = {
			isa = XCBuildConfiguration;
			buildSettings = {
				ALWAYS_EMBED_SWIFT_STANDARD_LIBRARIES = YES;
				BUNDLE_LOADER = "$(TEST_HOST)";
				CODE_SIGN_STYLE = Automatic;
				DEVELOPMENT_TEAM = Q2RE92A98G;
				INFOPLIST_FILE = AreYouFreeTests/Info.plist;
				LD_RUNPATH_SEARCH_PATHS = "$(inherited) @executable_path/Frameworks @loader_path/Frameworks";
				PRODUCT_BUNDLE_IDENTIFIER = Nico.AreYouFreeTests;
				PRODUCT_NAME = "$(TARGET_NAME)";
				SWIFT_VERSION = 4.0;
				TARGETED_DEVICE_FAMILY = "1,2";
				TEST_HOST = "$(BUILT_PRODUCTS_DIR)/AreYouFree.app/AreYouFree";
			};
			name = Release;
		};
		03336FDD20211218002534EF /* Debug */ = {
			isa = XCBuildConfiguration;
			buildSettings = {
				ALWAYS_EMBED_SWIFT_STANDARD_LIBRARIES = YES;
				CODE_SIGN_STYLE = Automatic;
				DEVELOPMENT_TEAM = Q2RE92A98G;
				INFOPLIST_FILE = AreYouFreeUITests/Info.plist;
				LD_RUNPATH_SEARCH_PATHS = "$(inherited) @executable_path/Frameworks @loader_path/Frameworks";
				PRODUCT_BUNDLE_IDENTIFIER = Nico.AreYouFreeUITests;
				PRODUCT_NAME = "$(TARGET_NAME)";
				SWIFT_VERSION = 4.0;
				TARGETED_DEVICE_FAMILY = "1,2";
				TEST_TARGET_NAME = AreYouFree;
			};
			name = Debug;
		};
		03336FDE20211218002534EF /* Release */ = {
			isa = XCBuildConfiguration;
			buildSettings = {
				ALWAYS_EMBED_SWIFT_STANDARD_LIBRARIES = YES;
				CODE_SIGN_STYLE = Automatic;
				DEVELOPMENT_TEAM = Q2RE92A98G;
				INFOPLIST_FILE = AreYouFreeUITests/Info.plist;
				LD_RUNPATH_SEARCH_PATHS = "$(inherited) @executable_path/Frameworks @loader_path/Frameworks";
				PRODUCT_BUNDLE_IDENTIFIER = Nico.AreYouFreeUITests;
				PRODUCT_NAME = "$(TARGET_NAME)";
				SWIFT_VERSION = 4.0;
				TARGETED_DEVICE_FAMILY = "1,2";
				TEST_TARGET_NAME = AreYouFree;
			};
			name = Release;
		};
/* End XCBuildConfiguration section */

/* Begin XCConfigurationList section */
		03336FA920211218002534EF /* Build configuration list for PBXProject "AreYouFree" */ = {
			isa = XCConfigurationList;
			buildConfigurations = (
				03336FD420211218002534EF /* Debug */,
				03336FD520211218002534EF /* Release */,
			);
			defaultConfigurationIsVisible = 0;
			defaultConfigurationName = Release;
		};
		03336FD620211218002534EF /* Build configuration list for PBXNativeTarget "AreYouFree" */ = {
			isa = XCConfigurationList;
			buildConfigurations = (
				03336FD720211218002534EF /* Debug */,
				03336FD820211218002534EF /* Release */,
			);
			defaultConfigurationIsVisible = 0;
			defaultConfigurationName = Release;
		};
		03336FD920211218002534EF /* Build configuration list for PBXNativeTarget "AreYouFreeTests" */ = {
			isa = XCConfigurationList;
			buildConfigurations = (
				03336FDA20211218002534EF /* Debug */,
				03336FDB20211218002534EF /* Release */,
			);
			defaultConfigurationIsVisible = 0;
			defaultConfigurationName = Release;
		};
		03336FDC20211218002534EF /* Build configuration list for PBXNativeTarget "AreYouFreeUITests" */ = {
			isa = XCConfigurationList;
			buildConfigurations = (
				03336FDD20211218002534EF /* Debug */,
				03336FDE20211218002534EF /* Release */,
			);
			defaultConfigurationIsVisible = 0;
			defaultConfigurationName = Release;
		};
/* End XCConfigurationList section */
	};
	rootObject = 03336FA620211218002534EF /* Project object */;
}
